
Microsoft Visual Studio Solution File, Format Version 12.00
# Visual Studio Version 16
VisualStudioVersion = 16.0.29806.167
MinimumVisualStudioVersion = 10.0.40219.1
Project("{FAE04EC0-301F-11D3-BF4B-00C04F79EFBC}") = "HLNotification", "HLNotification\HLNotification.csproj", "{6E62E1D2-BFA2-4663-8FF7-A5E901C93725}"
EndProject
Global
	GlobalSection(SolutionConfigurationPlatforms) = preSolution
		Debug|Any CPU = Debug|Any CPU
		Release|Any CPU = Release|Any CPU
	EndGlobalSection
	GlobalSection(ProjectConfigurationPlatforms) = postSolution
		{6E62E1D2-BFA2-4663-8FF7-A5E901C93725}.Debug|Any CPU.ActiveCfg = Debug|Any CPU
		{6E62E1D2-BFA2-4663-8FF7-A5E901C93725}.Debug|Any CPU.Build.0 = Debug|Any CPU
		{6E62E1D2-BFA2-4663-8FF7-A5E901C93725}.Release|Any CPU.ActiveCfg = Release|Any CPU
		{6E62E1D2-BFA2-4663-8FF7-A5E901C93725}.Release|Any CPU.Build.0 = Release|Any CPU
	EndGlobalSection
	GlobalSection(SolutionProperties) = preSolution
		HideSolutionNode = FALSE
	EndGlobalSection
	GlobalSection(ExtensibilityGlobals) = postSolution
		SolutionGuid = {837D6E91-D8AB-4D5F-96C5-C435B92D7DAD}
	EndGlobalSection
EndGlobal
